
Microsoft Visual Studio Solution File, Format Version 12.00
# Visual Studio Version 16
VisualStudioVersion = 16.0.30907.101
MinimumVisualStudioVersion = 10.0.40219.1
Project("{9A19103F-16F7-4668-BE54-9A1E7A4F7556}") = "OnlineShop", "OnlineShop\OnlineShop.csproj", "{77ED6192-B0DD-4C89-83EE-A869E7834953}"
EndProject
Project("{FAE04EC0-301F-11D3-BF4B-00C04F79EFBC}") = "UnitTest.Test", "UnitTest.Test\UnitTest.Test.csproj", "{C6EBAD9B-95BD-4151-BADE-DC1856B9A55C}"
	ProjectSection(ProjectDependencies) = postProject
		{77ED6192-B0DD-4C89-83EE-A869E7834953} = {77ED6192-B0DD-4C89-83EE-A869E7834953}
	EndProjectSection
EndProject
Global
	GlobalSection(SolutionConfigurationPlatforms) = preSolution
		Debug|Any CPU = Debug|Any CPU
		Release|Any CPU = Release|Any CPU
	EndGlobalSection
	GlobalSection(ProjectConfigurationPlatforms) = postSolution
		{77ED6192-B0DD-4C89-83EE-A869E7834953}.Debug|Any CPU.ActiveCfg = Debug|Any CPU
		{77ED6192-B0DD-4C89-83EE-A869E7834953}.Debug|Any CPU.Build.0 = Debug|Any CPU
		{77ED6192-B0DD-4C89-83EE-A869E7834953}.Release|Any CPU.ActiveCfg = Release|Any CPU
		{77ED6192-B0DD-4C89-83EE-A869E7834953}.Release|Any CPU.Build.0 = Release|Any CPU
		{C6EBAD9B-95BD-4151-BADE-DC1856B9A55C}.Debug|Any CPU.ActiveCfg = Debug|Any CPU
		{C6EBAD9B-95BD-4151-BADE-DC1856B9A55C}.Debug|Any CPU.Build.0 = Debug|Any CPU
		{C6EBAD9B-95BD-4151-BADE-DC1856B9A55C}.Release|Any CPU.ActiveCfg = Release|Any CPU
		{C6EBAD9B-95BD-4151-BADE-DC1856B9A55C}.Release|Any CPU.Build.0 = Release|Any CPU
	EndGlobalSection
	GlobalSection(SolutionProperties) = preSolution
		HideSolutionNode = FALSE
	EndGlobalSection
	GlobalSection(ExtensibilityGlobals) = postSolution
		SolutionGuid = {2F793A48-BACA-458C-8DCD-EF80DD64CB31}
	EndGlobalSection
EndGlobal
